
Microsoft Visual Studio Solution File, Format Version 12.00
# Visual Studio 15
Project("{FAE04EC0-301F-11D3-BF4B-00C04F79EFBC}") = "photobooth.app", "photobooth.app.csproj", "{5D27C7DF-5380-4472-AAB2-60AA345BDB0F}"
EndProject
Global
	GlobalSection(SolutionConfigurationPlatforms) = preSolution
		Debug|Any CPU = Debug|Any CPU
		Release|Any CPU = Release|Any CPU
	EndGlobalSection
	GlobalSection(ProjectConfigurationPlatforms) = postSolution
		{5D27C7DF-5380-4472-AAB2-60AA345BDB0F}.Debug|Any CPU.ActiveCfg = Debug|Any CPU
		{5D27C7DF-5380-4472-AAB2-60AA345BDB0F}.Debug|Any CPU.Build.0 = Debug|Any CPU
		{5D27C7DF-5380-4472-AAB2-60AA345BDB0F}.Release|Any CPU.ActiveCfg = Release|Any CPU
		{5D27C7DF-5380-4472-AAB2-60AA345BDB0F}.Release|Any CPU.Build.0 = Release|Any CPU
	EndGlobalSection
EndGlobal
